
Microsoft Visual Studio Solution File, Format Version 12.00
# Visual Studio Version 17
VisualStudioVersion = 17.0.31903.59
MinimumVisualStudioVersion = 10.0.40219.1
Project("{FAE04EC0-301F-11D3-BF4B-00C04F79EFBC}") = "FitCoders.Application", "FitCoders.Application\FitCoders.Application.csproj", "{2DB1CF00-AB72-4833-A99E-AFD4454A9FE9}"
EndProject
Project("{FAE04EC0-301F-11D3-BF4B-00C04F79EFBC}") = "FitCoders.Domain", "FitCoders.Domain\FitCoders.Domain.csproj", "{1AA88133-3C22-4CEF-818F-550E79658EBE}"
EndProject
Global
	GlobalSection(SolutionConfigurationPlatforms) = preSolution
		Debug|Any CPU = Debug|Any CPU
		Release|Any CPU = Release|Any CPU
	EndGlobalSection
	GlobalSection(SolutionProperties) = preSolution
		HideSolutionNode = FALSE
	EndGlobalSection
	GlobalSection(ProjectConfigurationPlatforms) = postSolution
		{2DB1CF00-AB72-4833-A99E-AFD4454A9FE9}.Debug|Any CPU.ActiveCfg = Debug|Any CPU
		{2DB1CF00-AB72-4833-A99E-AFD4454A9FE9}.Debug|Any CPU.Build.0 = Debug|Any CPU
		{2DB1CF00-AB72-4833-A99E-AFD4454A9FE9}.Release|Any CPU.ActiveCfg = Release|Any CPU
		{2DB1CF00-AB72-4833-A99E-AFD4454A9FE9}.Release|Any CPU.Build.0 = Release|Any CPU
		{1AA88133-3C22-4CEF-818F-550E79658EBE}.Debug|Any CPU.ActiveCfg = Debug|Any CPU
		{1AA88133-3C22-4CEF-818F-550E79658EBE}.Debug|Any CPU.Build.0 = Debug|Any CPU
		{1AA88133-3C22-4CEF-818F-550E79658EBE}.Release|Any CPU.ActiveCfg = Release|Any CPU
		{1AA88133-3C22-4CEF-818F-550E79658EBE}.Release|Any CPU.Build.0 = Release|Any CPU
	EndGlobalSection
EndGlobal
